// !$*UTF8*$!
{
	archiveVersion = 1;
	classes = {
	};
	objectVersion = 50;
	objects = {

/* Begin PBXBuildFile section */
		4804B332216E98FE002D65BE /* CollectionViewCell.swift in Sources */ = {isa = PBXBuildFile; fileRef = 4804B331216E98FE002D65BE /* CollectionViewCell.swift */; };
		487572C2216D4166003F4BC8 /* AppDelegate.swift in Sources */ = {isa = PBXBuildFile; fileRef = 487572C1216D4166003F4BC8 /* AppDelegate.swift */; };
		487572C4216D4166003F4BC8 /* ViewController.swift in Sources */ = {isa = PBXBuildFile; fileRef = 487572C3216D4166003F4BC8 /* ViewController.swift */; };
		487572C7216D4166003F4BC8 /* Main.storyboard in Resources */ = {isa = PBXBuildFile; fileRef = 487572C5216D4166003F4BC8 /* Main.storyboard */; };
		487572C9216D416A003F4BC8 /* Assets.xcassets in Resources */ = {isa = PBXBuildFile; fileRef = 487572C8216D416A003F4BC8 /* Assets.xcassets */; };
		487572CC216D416A003F4BC8 /* LaunchScreen.storyboard in Resources */ = {isa = PBXBuildFile; fileRef = 487572CA216D416A003F4BC8 /* LaunchScreen.storyboard */; };
		487572D4216D453A003F4BC8 /* ViewModel.swift in Sources */ = {isa = PBXBuildFile; fileRef = 487572D3216D453A003F4BC8 /* ViewModel.swift */; };
		4884B58F216D58DF0017C797 /* Model.swift in Sources */ = {isa = PBXBuildFile; fileRef = 4884B58E216D58DF0017C797 /* Model.swift */; };
		48CBE7A5216E25FE00F105FB /* DetailViewController.swift in Sources */ = {isa = PBXBuildFile; fileRef = 48CBE7A4216E25FE00F105FB /* DetailViewController.swift */; };
		48ECA664216FECA4004DFE3D /* DPTheme.swift in Sources */ = {isa = PBXBuildFile; fileRef = 48ECA663216FECA4004DFE3D /* DPTheme.swift */; };
		8243511ABC2063CCC847B9BE /* Pods_MobdevDogs.framework in Frameworks */ = {isa = PBXBuildFile; fileRef = FF9FAF16A568F673A8FE49DA /* Pods_MobdevDogs.framework */; };
/* End PBXBuildFile section */

/* Begin PBXFileReference section */
		0555C6C071B7D2B34AB0287D /* Pods-MobdevDogs.debug.xcconfig */ = {isa = PBXFileReference; includeInIndex = 1; lastKnownFileType = text.xcconfig; name = "Pods-MobdevDogs.debug.xcconfig"; path = "Pods/Target Support Files/Pods-MobdevDogs/Pods-MobdevDogs.debug.xcconfig"; sourceTree = "<group>"; };
		4804B331216E98FE002D65BE /* CollectionViewCell.swift */ = {isa = PBXFileReference; lastKnownFileType = sourcecode.swift; path = CollectionViewCell.swift; sourceTree = "<group>"; };
		487572BE216D4166003F4BC8 /* MobdevDogs.app */ = {isa = PBXFileReference; explicitFileType = wrapper.application; includeInIndex = 0; path = MobdevDogs.app; sourceTree = BUILT_PRODUCTS_DIR; };
		487572C1216D4166003F4BC8 /* AppDelegate.swift */ = {isa = PBXFileReference; lastKnownFileType = sourcecode.swift; path = AppDelegate.swift; sourceTree = "<group>"; };
		487572C3216D4166003F4BC8 /* ViewController.swift */ = {isa = PBXFileReference; lastKnownFileType = sourcecode.swift; path = ViewController.swift; sourceTree = "<group>"; };
		487572C6216D4166003F4BC8 /* Base */ = {isa = PBXFileReference; lastKnownFileType = file.storyboard; name = Base; path = Base.lproj/Main.storyboard; sourceTree = "<group>"; };
		487572C8216D416A003F4BC8 /* Assets.xcassets */ = {isa = PBXFileReference; lastKnownFileType = folder.assetcatalog; path = Assets.xcassets; sourceTree = "<group>"; };
		487572CB216D416A003F4BC8 /* Base */ = {isa = PBXFileReference; lastKnownFileType = file.storyboard; name = Base; path = Base.lproj/LaunchScreen.storyboard; sourceTree = "<group>"; };
		487572CD216D416A003F4BC8 /* Info.plist */ = {isa = PBXFileReference; lastKnownFileType = text.plist.xml; path = Info.plist; sourceTree = "<group>"; };
		487572D3216D453A003F4BC8 /* ViewModel.swift */ = {isa = PBXFileReference; lastKnownFileType = sourcecode.swift; path = ViewModel.swift; sourceTree = "<group>"; };
		4884B58E216D58DF0017C797 /* Model.swift */ = {isa = PBXFileReference; lastKnownFileType = sourcecode.swift; path = Model.swift; sourceTree = "<group>"; };
		48CBE7A4216E25FE00F105FB /* DetailViewController.swift */ = {isa = PBXFileReference; lastKnownFileType = sourcecode.swift; path = DetailViewController.swift; sourceTree = "<group>"; };
		48ECA663216FECA4004DFE3D /* DPTheme.swift */ = {isa = PBXFileReference; lastKnownFileType = sourcecode.swift; path = DPTheme.swift; sourceTree = "<group>"; };
		E5752FB6E120C1E0F460489C /* Pods-MobdevDogs.release.xcconfig */ = {isa = PBXFileReference; includeInIndex = 1; lastKnownFileType = text.xcconfig; name = "Pods-MobdevDogs.release.xcconfig"; path = "Pods/Target Support Files/Pods-MobdevDogs/Pods-MobdevDogs.release.xcconfig"; sourceTree = "<group>"; };
		FF9FAF16A568F673A8FE49DA /* Pods_MobdevDogs.framework */ = {isa = PBXFileReference; explicitFileType = wrapper.framework; includeInIndex = 0; path = Pods_MobdevDogs.framework; sourceTree = BUILT_PRODUCTS_DIR; };
/* End PBXFileReference section */

/* Begin PBXFrameworksBuildPhase section */
		487572BB216D4166003F4BC8 /* Frameworks */ = {
			isa = PBXFrameworksBuildPhase;
			buildActionMask = 2147483647;
			files = (
				8243511ABC2063CCC847B9BE /* Pods_MobdevDogs.framework in Frameworks */,
			);
			runOnlyForDeploymentPostprocessing = 0;
		};
/* End PBXFrameworksBuildPhase section */

/* Begin PBXGroup section */
		487572B5216D4166003F4BC8 = {
			isa = PBXGroup;
			children = (
				487572C0216D4166003F4BC8 /* MobdevDogs */,
				487572BF216D4166003F4BC8 /* Products */,
				55732A9016004D36DCF681E3 /* Pods */,
				CD4EC46523DA0A3153733ABA /* Frameworks */,
			);
			sourceTree = "<group>";
		};
		487572BF216D4166003F4BC8 /* Products */ = {
			isa = PBXGroup;
			children = (
				487572BE216D4166003F4BC8 /* MobdevDogs.app */,
			);
			name = Products;
			sourceTree = "<group>";
		};
		487572C0216D4166003F4BC8 /* MobdevDogs */ = {
			isa = PBXGroup;
			children = (
				487572C1216D4166003F4BC8 /* AppDelegate.swift */,
				487572C3216D4166003F4BC8 /* ViewController.swift */,
				48CBE7A4216E25FE00F105FB /* DetailViewController.swift */,
				4804B331216E98FE002D65BE /* CollectionViewCell.swift */,
				487572D3216D453A003F4BC8 /* ViewModel.swift */,
				4884B58E216D58DF0017C797 /* Model.swift */,
				487572C5216D4166003F4BC8 /* Main.storyboard */,
				487572C8216D416A003F4BC8 /* Assets.xcassets */,
				487572CA216D416A003F4BC8 /* LaunchScreen.storyboard */,
				487572CD216D416A003F4BC8 /* Info.plist */,
				48ECA663216FECA4004DFE3D /* DPTheme.swift */,
			);
			path = MobdevDogs;
			sourceTree = "<group>";
		};
		55732A9016004D36DCF681E3 /* Pods */ = {
			isa = PBXGroup;
			children = (
				0555C6C071B7D2B34AB0287D /* Pods-MobdevDogs.debug.xcconfig */,
				E5752FB6E120C1E0F460489C /* Pods-MobdevDogs.release.xcconfig */,
			);
			name = Pods;
			sourceTree = "<group>";
		};
		CD4EC46523DA0A3153733ABA /* Frameworks */ = {
			isa = PBXGroup;
			children = (
				FF9FAF16A568F673A8FE49DA /* Pods_MobdevDogs.framework */,
			);
			name = Frameworks;
			sourceTree = "<group>";
		};
/* End PBXGroup section */

/* Begin PBXNativeTarget section */
		487572BD216D4166003F4BC8 /* MobdevDogs */ = {
			isa = PBXNativeTarget;
			buildConfigurationList = 487572D0216D416A003F4BC8 /* Build configuration list for PBXNativeTarget "MobdevDogs" */;
			buildPhases = (
				ABDE80E4E7EE34D5BCF2CBC2 /* [CP] Check Pods Manifest.lock */,
				487572BA216D4166003F4BC8 /* Sources */,
				487572BB216D4166003F4BC8 /* Frameworks */,
				487572BC216D4166003F4BC8 /* Resources */,
				A0A65362C34504F4913B096B /* [CP] Embed Pods Frameworks */,
			);
			buildRules = (
			);
			dependencies = (
			);
			name = MobdevDogs;
			productName = MobdevDogs;
			productReference = 487572BE216D4166003F4BC8 /* MobdevDogs.app */;
			productType = "com.apple.product-type.application";
		};
/* End PBXNativeTarget section */

/* Begin PBXProject section */
		487572B6216D4166003F4BC8 /* Project object */ = {
			isa = PBXProject;
			attributes = {
				LastSwiftUpdateCheck = 1000;
				LastUpgradeCheck = 1000;
				ORGANIZATIONNAME = "Marvel Alvarez Rojas";
				TargetAttributes = {
					487572BD216D4166003F4BC8 = {
						CreatedOnToolsVersion = 10.0;
					};
				};
			};
			buildConfigurationList = 487572B9216D4166003F4BC8 /* Build configuration list for PBXProject "MobdevDogs" */;
			compatibilityVersion = "Xcode 9.3";
			developmentRegion = en;
			hasScannedForEncodings = 0;
			knownRegions = (
				en,
				Base,
			);
			mainGroup = 487572B5216D4166003F4BC8;
			productRefGroup = 487572BF216D4166003F4BC8 /* Products */;
			projectDirPath = "";
			projectRoot = "";
			targets = (
				487572BD216D4166003F4BC8 /* MobdevDogs */,
			);
		};
/* End PBXProject section */

/* Begin PBXResourcesBuildPhase section */
		487572BC216D4166003F4BC8 /* Resources */ = {
			isa = PBXResourcesBuildPhase;
			buildActionMask = 2147483647;
			files = (
				487572CC216D416A003F4BC8 /* LaunchScreen.storyboard in Resources */,
				487572C9216D416A003F4BC8 /* Assets.xcassets in Resources */,
				487572C7216D4166003F4BC8 /* Main.storyboard in Resources */,
			);
			runOnlyForDeploymentPostprocessing = 0;
		};
/* End PBXResourcesBuildPhase section */

/* Begin PBXShellScriptBuildPhase section */
		A0A65362C34504F4913B096B /* [CP] Embed Pods Frameworks */ = {
			isa = PBXShellScriptBuildPhase;
			buildActionMask = 2147483647;
			files = (
			);
			inputPaths = (
				"${SRCROOT}/Pods/Target Support Files/Pods-MobdevDogs/Pods-MobdevDogs-frameworks.sh",
				"${BUILT_PRODUCTS_DIR}/Alamofire/Alamofire.framework",
				"${BUILT_PRODUCTS_DIR}/AlamofireImage/AlamofireImage.framework",
				"${BUILT_PRODUCTS_DIR}/AppImageViewer/AppImageViewer.framework",
			);
			name = "[CP] Embed Pods Frameworks";
			outputPaths = (
				"${TARGET_BUILD_DIR}/${FRAMEWORKS_FOLDER_PATH}/Alamofire.framework",
				"${TARGET_BUILD_DIR}/${FRAMEWORKS_FOLDER_PATH}/AlamofireImage.framework",
				"${TARGET_BUILD_DIR}/${FRAMEWORKS_FOLDER_PATH}/AppImageViewer.framework",
			);
			runOnlyForDeploymentPostprocessing = 0;
			shellPath = /bin/sh;
			shellScript = "\"${SRCROOT}/Pods/Target Support Files/Pods-MobdevDogs/Pods-MobdevDogs-frameworks.sh\"\n";
			showEnvVarsInLog = 0;
		};
		ABDE80E4E7EE34D5BCF2CBC2 /* [CP] Check Pods Manifest.lock */ = {
			isa = PBXShellScriptBuildPhase;
			buildActionMask = 2147483647;
			files = (
			);
			inputPaths = (
				"${PODS_PODFILE_DIR_PATH}/Podfile.lock",
				"${PODS_ROOT}/Manifest.lock",
			);
			name = "[CP] Check Pods Manifest.lock";
			outputPaths = (
				"$(DERIVED_FILE_DIR)/Pods-MobdevDogs-checkManifestLockResult.txt",
			);
			runOnlyForDeploymentPostprocessing = 0;
			shellPath = /bin/sh;
			shellScript = "diff \"${PODS_PODFILE_DIR_PATH}/Podfile.lock\" \"${PODS_ROOT}/Manifest.lock\" > /dev/null\nif [ $? != 0 ] ; then\n    # print error to STDERR\n    echo \"error: The sandbox is not in sync with the Podfile.lock. Run 'pod install' or update your CocoaPods installation.\" >&2\n    exit 1\nfi\n# This output is used by Xcode 'outputs' to avoid re-running this script phase.\necho \"SUCCESS\" > \"${SCRIPT_OUTPUT_FILE_0}\"\n";
			showEnvVarsInLog = 0;
		};
/* End PBXShellScriptBuildPhase section */

/* Begin PBXSourcesBuildPhase section */
		487572BA216D4166003F4BC8 /* Sources */ = {
			isa = PBXSourcesBuildPhase;
			buildActionMask = 2147483647;
			files = (
				487572C4216D4166003F4BC8 /* ViewController.swift in Sources */,
				487572D4216D453A003F4BC8 /* ViewModel.swift in Sources */,
				4804B332216E98FE002D65BE /* CollectionViewCell.swift in Sources */,
				48CBE7A5216E25FE00F105FB /* DetailViewController.swift in Sources */,
				487572C2216D4166003F4BC8 /* AppDelegate.swift in Sources */,
				4884B58F216D58DF0017C797 /* Model.swift in Sources */,
				48ECA664216FECA4004DFE3D /* DPTheme.swift in Sources */,
			);
			runOnlyForDeploymentPostprocessing = 0;
		};
/* End PBXSourcesBuildPhase section */

/* Begin PBXVariantGroup section */
		487572C5216D4166003F4BC8 /* Main.storyboard */ = {
			isa = PBXVariantGroup;
			children = (
				487572C6216D4166003F4BC8 /* Base */,
			);
			name = Main.storyboard;
			sourceTree = "<group>";
		};
		487572CA216D416A003F4BC8 /* LaunchScreen.storyboard */ = {
			isa = PBXVariantGroup;
			children = (
				487572CB216D416A003F4BC8 /* Base */,
			);
			name = LaunchScreen.storyboard;
			sourceTree = "<group>";
		};
/* End PBXVariantGroup section */

/* Begin XCBuildConfiguration section */
		487572CE216D416A003F4BC8 /* Debug */ = {
			isa = XCBuildConfiguration;
			buildSettings = {
				ALWAYS_SEARCH_USER_PATHS = NO;
				CLANG_ANALYZER_NONNULL = YES;
				CLANG_ANALYZER_NUMBER_OBJECT_CONVERSION = YES_AGGRESSIVE;
				CLANG_CXX_LANGUAGE_STANDARD = "gnu++14";
				CLANG_CXX_LIBRARY = "libc++";
				CLANG_ENABLE_MODULES = YES;
				CLANG_ENABLE_OBJC_ARC = YES;
				CLANG_ENABLE_OBJC_WEAK = YES;
				CLANG_WARN_BLOCK_CAPTURE_AUTORELEASING = YES;
				CLANG_WARN_BOOL_CONVERSION = YES;
				CLANG_WARN_COMMA = YES;
				CLANG_WARN_CONSTANT_CONVERSION = YES;
				CLANG_WARN_DEPRECATED_OBJC_IMPLEMENTATIONS = YES;
				CLANG_WARN_DIRECT_OBJC_ISA_USAGE = YES_ERROR;
				CLANG_WARN_DOCUMENTATION_COMMENTS = YES;
				CLANG_WARN_EMPTY_BODY = YES;
				CLANG_WARN_ENUM_CONVERSION = YES;
				CLANG_WARN_INFINITE_RECURSION = YES;
				CLANG_WARN_INT_CONVERSION = YES;
				CLANG_WARN_NON_LITERAL_NULL_CONVERSION = YES;
				CLANG_WARN_OBJC_IMPLICIT_RETAIN_SELF = YES;
				CLANG_WARN_OBJC_LITERAL_CONVERSION = YES;
				CLANG_WARN_OBJC_ROOT_CLASS = YES_ERROR;
				CLANG_WARN_RANGE_LOOP_ANALYSIS = YES;
				CLANG_WARN_STRICT_PROTOTYPES = YES;
				CLANG_WARN_SUSPICIOUS_MOVE = YES;
				CLANG_WARN_UNGUARDED_AVAILABILITY = YES_AGGRESSIVE;
				CLANG_WARN_UNREACHABLE_CODE = YES;
				CLANG_WARN__DUPLICATE_METHOD_MATCH = YES;
				CODE_SIGN_IDENTITY = "iPhone Developer";
				COPY_PHASE_STRIP = NO;
				DEBUG_INFORMATION_FORMAT = dwarf;
				ENABLE_STRICT_OBJC_MSGSEND = YES;
				ENABLE_TESTABILITY = YES;
				GCC_C_LANGUAGE_STANDARD = gnu11;
				GCC_DYNAMIC_NO_PIC = NO;
				GCC_NO_COMMON_BLOCKS = YES;
				GCC_OPTIMIZATION_LEVEL = 0;
				GCC_PREPROCESSOR_DEFINITIONS = (
					"DEBUG=1",
					"$(inherited)",
				);
				GCC_WARN_64_TO_32_BIT_CONVERSION = YES;
				GCC_WARN_ABOUT_RETURN_TYPE = YES_ERROR;
				GCC_WARN_UNDECLARED_SELECTOR = YES;
				GCC_WARN_UNINITIALIZED_AUTOS = YES_AGGRESSIVE;
				GCC_WARN_UNUSED_FUNCTION = YES;
				GCC_WARN_UNUSED_VARIABLE = YES;
				IPHONEOS_DEPLOYMENT_TARGET = 11.0;
				MTL_ENABLE_DEBUG_INFO = INCLUDE_SOURCE;
				MTL_FAST_MATH = YES;
				ONLY_ACTIVE_ARCH = YES;
				SDKROOT = iphoneos;
				SWIFT_ACTIVE_COMPILATION_CONDITIONS = DEBUG;
				SWIFT_OPTIMIZATION_LEVEL = "-Onone";
			};
			name = Debug;
		};
		487572CF216D416A003F4BC8 /* Release */ = {
			isa = XCBuildConfiguration;
			buildSettings = {
				ALWAYS_SEARCH_USER_PATHS = NO;
				CLANG_ANALYZER_NONNULL = YES;
				CLANG_ANALYZER_NUMBER_OBJECT_CONVERSION = YES_AGGRESSIVE;
				CLANG_CXX_LANGUAGE_STANDARD = "gnu++14";
				CLANG_CXX_LIBRARY = "libc++";
				CLANG_ENABLE_MODULES = YES;
				CLANG_ENABLE_OBJC_ARC = YES;
				CLANG_ENABLE_OBJC_WEAK = YES;
				CLANG_WARN_BLOCK_CAPTURE_AUTORELEASING = YES;
				CLANG_WARN_BOOL_CONVERSION = YES;
				CLANG_WARN_COMMA = YES;
				CLANG_WARN_CONSTANT_CONVERSION = YES;
				CLANG_WARN_DEPRECATED_OBJC_IMPLEMENTATIONS = YES;
				CLANG_WARN_DIRECT_OBJC_ISA_USAGE = YES_ERROR;
				CLANG_WARN_DOCUMENTATION_COMMENTS = YES;
				CLANG_WARN_EMPTY_BODY = YES;
				CLANG_WARN_ENUM_CONVERSION = YES;
				CLANG_WARN_INFINITE_RECURSION = YES;
				CLANG_WARN_INT_CONVERSION = YES;
				CLANG_WARN_NON_LITERAL_NULL_CONVERSION = YES;
				CLANG_WARN_OBJC_IMPLICIT_RETAIN_SELF = YES;
				CLANG_WARN_OBJC_LITERAL_CONVERSION = YES;
				CLANG_WARN_OBJC_ROOT_CLASS = YES_ERROR;
				CLANG_WARN_RANGE_LOOP_ANALYSIS = YES;
				CLANG_WARN_STRICT_PROTOTYPES = YES;
				CLANG_WARN_SUSPICIOUS_MOVE = YES;
				CLANG_WARN_UNGUARDED_AVAILABILITY = YES_AGGRESSIVE;
				CLANG_WARN_UNREACHABLE_CODE = YES;
				CLANG_WARN__DUPLICATE_METHOD_MATCH = YES;
				CODE_SIGN_IDENTITY = "iPhone Developer";
				COPY_PHASE_STRIP = NO;
				DEBUG_INFORMATION_FORMAT = "dwarf-with-dsym";
				ENABLE_NS_ASSERTIONS = NO;
				ENABLE_STRICT_OBJC_MSGSEND = YES;
				GCC_C_LANGUAGE_STANDARD = gnu11;
				GCC_NO_COMMON_BLOCKS = YES;
				GCC_WARN_64_TO_32_BIT_CONVERSION = YES;
				GCC_WARN_ABOUT_RETURN_TYPE = YES_ERROR;
				GCC_WARN_UNDECLARED_SELECTOR = YES;
				GCC_WARN_UNINITIALIZED_AUTOS = YES_AGGRESSIVE;
				GCC_WARN_UNUSED_FUNCTION = YES;
				GCC_WARN_UNUSED_VARIABLE = YES;
				IPHONEOS_DEPLOYMENT_TARGET = 11.0;
				MTL_ENABLE_DEBUG_INFO = NO;
				MTL_FAST_MATH = YES;
				SDKROOT = iphoneos;
				SWIFT_COMPILATION_MODE = wholemodule;
				SWIFT_OPTIMIZATION_LEVEL = "-O";
				VALIDATE_PRODUCT = YES;
			};
			name = Release;
		};
		487572D1216D416A003F4BC8 /* Debug */ = {
			isa = XCBuildConfiguration;
			baseConfigurationReference = 0555C6C071B7D2B34AB0287D /* Pods-MobdevDogs.debug.xcconfig */;
			buildSettings = {
				ASSETCATALOG_COMPILER_APPICON_NAME = AppIcon;
				CODE_SIGN_STYLE = Automatic;
				DEVELOPMENT_TEAM = 6DZ7NP2R3U;
				INFOPLIST_FILE = MobdevDogs/Info.plist;
				IPHONEOS_DEPLOYMENT_TARGET = 11.0;
				LD_RUNPATH_SEARCH_PATHS = (
					"$(inherited)",
					"@executable_path/Frameworks",
				);
				PRODUCT_BUNDLE_IDENTIFIER = com.l3vram.MobdevDogs;
				PRODUCT_NAME = "$(TARGET_NAME)";
				SWIFT_VERSION = 4.2;
				TARGETED_DEVICE_FAMILY = "1,2";
			};
			name = Debug;
		};
		487572D2216D416A003F4BC8 /* Release */ = {
			isa = XCBuildConfiguration;
			baseConfigurationReference = E5752FB6E120C1E0F460489C /* Pods-MobdevDogs.release.xcconfig */;
			buildSettings = {
				ASSETCATALOG_COMPILER_APPICON_NAME = AppIcon;
				CODE_SIGN_STYLE = Automatic;
				DEVELOPMENT_TEAM = 6DZ7NP2R3U;
				INFOPLIST_FILE = MobdevDogs/Info.plist;
				IPHONEOS_DEPLOYMENT_TARGET = 11.0;
				LD_RUNPATH_SEARCH_PATHS = (
					"$(inherited)",
					"@executable_path/Frameworks",
				);
				PRODUCT_BUNDLE_IDENTIFIER = com.l3vram.MobdevDogs;
				PRODUCT_NAME = "$(TARGET_NAME)";
				SWIFT_VERSION = 4.2;
				TARGETED_DEVICE_FAMILY = "1,2";
			};
			name = Release;
		};
/* End XCBuildConfiguration section */

/* Begin XCConfigurationList section */
		487572B9216D4166003F4BC8 /* Build configuration list for PBXProject "MobdevDogs" */ = {
			isa = XCConfigurationList;
			buildConfigurations = (
				487572CE216D416A003F4BC8 /* Debug */,
				487572CF216D416A003F4BC8 /* Release */,
			);
			defaultConfigurationIsVisible = 0;
			defaultConfigurationName = Release;
		};
		487572D0216D416A003F4BC8 /* Build configuration list for PBXNativeTarget "MobdevDogs" */ = {
			isa = XCConfigurationList;
			buildConfigurations = (
				487572D1216D416A003F4BC8 /* Debug */,
				487572D2216D416A003F4BC8 /* Release */,
			);
			defaultConfigurationIsVisible = 0;
			defaultConfigurationName = Release;
		};
/* End XCConfigurationList section */
	};
	rootObject = 487572B6216D4166003F4BC8 /* Project object */;
}
